
Microsoft Visual Studio Solution File, Format Version 12.00
# Visual Studio Version 17
VisualStudioVersion = 17.7.33711.374
MinimumVisualStudioVersion = 10.0.40219.1
Project("{8BC9CEB8-8B4A-11D0-8D11-00A0C91BC942}") = "6.33", "6.33\6.33.vcxproj", "{70EB490B-918A-4E06-AA5D-9A1EF0DABCAC}"
EndProject
Global
	GlobalSection(SolutionConfigurationPlatforms) = preSolution
		Debug|x64 = Debug|x64
		Debug|x86 = Debug|x86
		Release|x64 = Release|x64
		Release|x86 = Release|x86
	EndGlobalSection
	GlobalSection(ProjectConfigurationPlatforms) = postSolution
		{70EB490B-918A-4E06-AA5D-9A1EF0DABCAC}.Debug|x64.ActiveCfg = Debug|x64
		{70EB490B-918A-4E06-AA5D-9A1EF0DABCAC}.Debug|x64.Build.0 = Debug|x64
		{70EB490B-918A-4E06-AA5D-9A1EF0DABCAC}.Debug|x86.ActiveCfg = Debug|Win32
		{70EB490B-918A-4E06-AA5D-9A1EF0DABCAC}.Debug|x86.Build.0 = Debug|Win32
		{70EB490B-918A-4E06-AA5D-9A1EF0DABCAC}.Release|x64.ActiveCfg = Release|x64
		{70EB490B-918A-4E06-AA5D-9A1EF0DABCAC}.Release|x64.Build.0 = Release|x64
		{70EB490B-918A-4E06-AA5D-9A1EF0DABCAC}.Release|x86.ActiveCfg = Release|Win32
		{70EB490B-918A-4E06-AA5D-9A1EF0DABCAC}.Release|x86.Build.0 = Release|Win32
	EndGlobalSection
	GlobalSection(SolutionProperties) = preSolution
		HideSolutionNode = FALSE
	EndGlobalSection
	GlobalSection(ExtensibilityGlobals) = postSolution
		SolutionGuid = {2A790CFD-7C47-4966-B7A3-DEE91E95E3FE}
	EndGlobalSection
EndGlobal
